
Microsoft Visual Studio Solution File, Format Version 12.00
# Visual Studio Version 16
VisualStudioVersion = 16.0.30621.155
MinimumVisualStudioVersion = 10.0.40219.1
Project("{8BC9CEB8-8B4A-11D0-8D11-00A0C91BC942}") = "FunctionsInC", "FunctionsInC\FunctionsInC.vcxproj", "{5EF5E67C-19D5-4E12-A956-EE6C02D8DF32}"
EndProject
Global
	GlobalSection(SolutionConfigurationPlatforms) = preSolution
		Debug|x64 = Debug|x64
		Debug|x86 = Debug|x86
		Release|x64 = Release|x64
		Release|x86 = Release|x86
	EndGlobalSection
	GlobalSection(ProjectConfigurationPlatforms) = postSolution
		{5EF5E67C-19D5-4E12-A956-EE6C02D8DF32}.Debug|x64.ActiveCfg = Debug|x64
		{5EF5E67C-19D5-4E12-A956-EE6C02D8DF32}.Debug|x64.Build.0 = Debug|x64
		{5EF5E67C-19D5-4E12-A956-EE6C02D8DF32}.Debug|x86.ActiveCfg = Debug|Win32
		{5EF5E67C-19D5-4E12-A956-EE6C02D8DF32}.Debug|x86.Build.0 = Debug|Win32
		{5EF5E67C-19D5-4E12-A956-EE6C02D8DF32}.Release|x64.ActiveCfg = Release|x64
		{5EF5E67C-19D5-4E12-A956-EE6C02D8DF32}.Release|x64.Build.0 = Release|x64
		{5EF5E67C-19D5-4E12-A956-EE6C02D8DF32}.Release|x86.ActiveCfg = Release|Win32
		{5EF5E67C-19D5-4E12-A956-EE6C02D8DF32}.Release|x86.Build.0 = Release|Win32
	EndGlobalSection
	GlobalSection(SolutionProperties) = preSolution
		HideSolutionNode = FALSE
	EndGlobalSection
	GlobalSection(ExtensibilityGlobals) = postSolution
		SolutionGuid = {C0287343-AC1B-4272-BCA9-E4DB4998BF19}
	EndGlobalSection
EndGlobal
